// !$*UTF8*$!
{
	archiveVersion = 1;
	classes = {
	};
	objectVersion = 77;
	objects = {

/* Begin PBXBuildFile section */
		AB68910B2CAEB19700C74AD5 /* Data in Frameworks */ = {isa = PBXBuildFile; productRef = AB68910A2CAEB19700C74AD5 /* Data */; };
		AB68910D2CAEB19700C74AD5 /* Domain in Frameworks */ = {isa = PBXBuildFile; productRef = AB68910C2CAEB19700C74AD5 /* Domain */; };
		AB68910F2CAEB19700C74AD5 /* Factories in Frameworks */ = {isa = PBXBuildFile; productRef = AB68910E2CAEB19700C74AD5 /* Factories */; };
		AB6891112CAEB19700C74AD5 /* Presentation in Frameworks */ = {isa = PBXBuildFile; productRef = AB6891102CAEB19700C74AD5 /* Presentation */; settings = {ATTRIBUTES = (Required, ); }; };
/* End PBXBuildFile section */

/* Begin PBXContainerItemProxy section */
		AB6890D62CAEAE7100C74AD5 /* PBXContainerItemProxy */ = {
			isa = PBXContainerItemProxy;
			containerPortal = AB6890BC2CAEAE7000C74AD5 /* Project object */;
			proxyType = 1;
			remoteGlobalIDString = AB6890C32CAEAE7000C74AD5;
			remoteInfo = TheMovieApp;
		};
		AB6890E02CAEAE7100C74AD5 /* PBXContainerItemProxy */ = {
			isa = PBXContainerItemProxy;
			containerPortal = AB6890BC2CAEAE7000C74AD5 /* Project object */;
			proxyType = 1;
			remoteGlobalIDString = AB6890C32CAEAE7000C74AD5;
			remoteInfo = TheMovieApp;
		};
/* End PBXContainerItemProxy section */

/* Begin PBXFileReference section */
		AB6890C42CAEAE7000C74AD5 /* TheMovieApp.app */ = {isa = PBXFileReference; explicitFileType = wrapper.application; includeInIndex = 0; path = TheMovieApp.app; sourceTree = BUILT_PRODUCTS_DIR; };
		AB6890D52CAEAE7100C74AD5 /* TheMovieAppTests.xctest */ = {isa = PBXFileReference; explicitFileType = wrapper.cfbundle; includeInIndex = 0; path = TheMovieAppTests.xctest; sourceTree = BUILT_PRODUCTS_DIR; };
		AB6890DF2CAEAE7100C74AD5 /* TheMovieAppUITests.xctest */ = {isa = PBXFileReference; explicitFileType = wrapper.cfbundle; includeInIndex = 0; path = TheMovieAppUITests.xctest; sourceTree = BUILT_PRODUCTS_DIR; };
		AB6891062CAEB12900C74AD5 /* Domain */ = {isa = PBXFileReference; lastKnownFileType = wrapper; path = Domain; sourceTree = "<group>"; };
		AB6891072CAEB13B00C74AD5 /* Data */ = {isa = PBXFileReference; lastKnownFileType = wrapper; path = Data; sourceTree = "<group>"; };
		AB6891082CAEB15700C74AD5 /* Presentation */ = {isa = PBXFileReference; lastKnownFileType = wrapper; path = Presentation; sourceTree = "<group>"; };
		AB6891092CAEB17B00C74AD5 /* Factories */ = {isa = PBXFileReference; lastKnownFileType = wrapper; path = Factories; sourceTree = "<group>"; };
/* End PBXFileReference section */

/* Begin PBXFileSystemSynchronizedRootGroup section */
		AB6890C62CAEAE7000C74AD5 /* TheMovieApp */ = {
			isa = PBXFileSystemSynchronizedRootGroup;
			path = TheMovieApp;
			sourceTree = "<group>";
		};
		AB6890D82CAEAE7100C74AD5 /* TheMovieAppTests */ = {
			isa = PBXFileSystemSynchronizedRootGroup;
			path = TheMovieAppTests;
			sourceTree = "<group>";
		};
		AB6890E22CAEAE7100C74AD5 /* TheMovieAppUITests */ = {
			isa = PBXFileSystemSynchronizedRootGroup;
			path = TheMovieAppUITests;
			sourceTree = "<group>";
		};
/* End PBXFileSystemSynchronizedRootGroup section */

/* Begin PBXFrameworksBuildPhase section */
		AB6890C12CAEAE7000C74AD5 /* Frameworks */ = {
			isa = PBXFrameworksBuildPhase;
			buildActionMask = 2147483647;
			files = (
				AB6891112CAEB19700C74AD5 /* Presentation in Frameworks */,
				AB68910D2CAEB19700C74AD5 /* Domain in Frameworks */,
				AB68910F2CAEB19700C74AD5 /* Factories in Frameworks */,
				AB68910B2CAEB19700C74AD5 /* Data in Frameworks */,
			);
			runOnlyForDeploymentPostprocessing = 0;
		};
		AB6890D22CAEAE7100C74AD5 /* Frameworks */ = {
			isa = PBXFrameworksBuildPhase;
			buildActionMask = 2147483647;
			files = (
			);
			runOnlyForDeploymentPostprocessing = 0;
		};
		AB6890DC2CAEAE7100C74AD5 /* Frameworks */ = {
			isa = PBXFrameworksBuildPhase;
			buildActionMask = 2147483647;
			files = (
			);
			runOnlyForDeploymentPostprocessing = 0;
		};
/* End PBXFrameworksBuildPhase section */

/* Begin PBXGroup section */
		AB6890BB2CAEAE7000C74AD5 = {
			isa = PBXGroup;
			children = (
				AB6891092CAEB17B00C74AD5 /* Factories */,
				AB6891082CAEB15700C74AD5 /* Presentation */,
				AB6891072CAEB13B00C74AD5 /* Data */,
				AB6891062CAEB12900C74AD5 /* Domain */,
				AB6890C62CAEAE7000C74AD5 /* TheMovieApp */,
				AB6890D82CAEAE7100C74AD5 /* TheMovieAppTests */,
				AB6890E22CAEAE7100C74AD5 /* TheMovieAppUITests */,
				AB6891032CAEB0AE00C74AD5 /* Frameworks */,
				AB6890C52CAEAE7000C74AD5 /* Products */,
			);
			sourceTree = "<group>";
		};
		AB6890C52CAEAE7000C74AD5 /* Products */ = {
			isa = PBXGroup;
			children = (
				AB6890C42CAEAE7000C74AD5 /* TheMovieApp.app */,
				AB6890D52CAEAE7100C74AD5 /* TheMovieAppTests.xctest */,
				AB6890DF2CAEAE7100C74AD5 /* TheMovieAppUITests.xctest */,
			);
			name = Products;
			sourceTree = "<group>";
		};
		AB6891032CAEB0AE00C74AD5 /* Frameworks */ = {
			isa = PBXGroup;
			children = (
			);
			name = Frameworks;
			sourceTree = "<group>";
		};
/* End PBXGroup section */

/* Begin PBXNativeTarget section */
		AB6890C32CAEAE7000C74AD5 /* TheMovieApp */ = {
			isa = PBXNativeTarget;
			buildConfigurationList = AB6890E92CAEAE7100C74AD5 /* Build configuration list for PBXNativeTarget "TheMovieApp" */;
			buildPhases = (
				AB6890C02CAEAE7000C74AD5 /* Sources */,
				AB6890C12CAEAE7000C74AD5 /* Frameworks */,
				AB6890C22CAEAE7000C74AD5 /* Resources */,
			);
			buildRules = (
			);
			dependencies = (
			);
			fileSystemSynchronizedGroups = (
				AB6890C62CAEAE7000C74AD5 /* TheMovieApp */,
			);
			name = TheMovieApp;
			packageProductDependencies = (
				AB68910A2CAEB19700C74AD5 /* Data */,
				AB68910C2CAEB19700C74AD5 /* Domain */,
				AB68910E2CAEB19700C74AD5 /* Factories */,
				AB6891102CAEB19700C74AD5 /* Presentation */,
			);
			productName = TheMovieApp;
			productReference = AB6890C42CAEAE7000C74AD5 /* TheMovieApp.app */;
			productType = "com.apple.product-type.application";
		};
		AB6890D42CAEAE7100C74AD5 /* TheMovieAppTests */ = {
			isa = PBXNativeTarget;
			buildConfigurationList = AB6890EC2CAEAE7100C74AD5 /* Build configuration list for PBXNativeTarget "TheMovieAppTests" */;
			buildPhases = (
				AB6890D12CAEAE7100C74AD5 /* Sources */,
				AB6890D22CAEAE7100C74AD5 /* Frameworks */,
				AB6890D32CAEAE7100C74AD5 /* Resources */,
			);
			buildRules = (
			);
			dependencies = (
				AB6890D72CAEAE7100C74AD5 /* PBXTargetDependency */,
			);
			fileSystemSynchronizedGroups = (
				AB6890D82CAEAE7100C74AD5 /* TheMovieAppTests */,
			);
			name = TheMovieAppTests;
			packageProductDependencies = (
			);
			productName = TheMovieAppTests;
			productReference = AB6890D52CAEAE7100C74AD5 /* TheMovieAppTests.xctest */;
			productType = "com.apple.product-type.bundle.unit-test";
		};
		AB6890DE2CAEAE7100C74AD5 /* TheMovieAppUITests */ = {
			isa = PBXNativeTarget;
			buildConfigurationList = AB6890EF2CAEAE7100C74AD5 /* Build configuration list for PBXNativeTarget "TheMovieAppUITests" */;
			buildPhases = (
				AB6890DB2CAEAE7100C74AD5 /* Sources */,
				AB6890DC2CAEAE7100C74AD5 /* Frameworks */,
				AB6890DD2CAEAE7100C74AD5 /* Resources */,
			);
			buildRules = (
			);
			dependencies = (
				AB6890E12CAEAE7100C74AD5 /* PBXTargetDependency */,
			);
			fileSystemSynchronizedGroups = (
				AB6890E22CAEAE7100C74AD5 /* TheMovieAppUITests */,
			);
			name = TheMovieAppUITests;
			packageProductDependencies = (
			);
			productName = TheMovieAppUITests;
			productReference = AB6890DF2CAEAE7100C74AD5 /* TheMovieAppUITests.xctest */;
			productType = "com.apple.product-type.bundle.ui-testing";
		};
/* End PBXNativeTarget section */

/* Begin PBXProject section */
		AB6890BC2CAEAE7000C74AD5 /* Project object */ = {
			isa = PBXProject;
			attributes = {
				BuildIndependentTargetsInParallel = 1;
				LastSwiftUpdateCheck = 1600;
				LastUpgradeCheck = 1600;
				TargetAttributes = {
					AB6890C32CAEAE7000C74AD5 = {
						CreatedOnToolsVersion = 16.0;
					};
					AB6890D42CAEAE7100C74AD5 = {
						CreatedOnToolsVersion = 16.0;
						TestTargetID = AB6890C32CAEAE7000C74AD5;
					};
					AB6890DE2CAEAE7100C74AD5 = {
						CreatedOnToolsVersion = 16.0;
						TestTargetID = AB6890C32CAEAE7000C74AD5;
					};
				};
			};
			buildConfigurationList = AB6890BF2CAEAE7000C74AD5 /* Build configuration list for PBXProject "TheMovieApp" */;
			developmentRegion = en;
			hasScannedForEncodings = 0;
			knownRegions = (
				en,
				Base,
			);
			mainGroup = AB6890BB2CAEAE7000C74AD5;
			minimizedProjectReferenceProxies = 1;
			preferredProjectObjectVersion = 77;
			productRefGroup = AB6890C52CAEAE7000C74AD5 /* Products */;
			projectDirPath = "";
			projectRoot = "";
			targets = (
				AB6890C32CAEAE7000C74AD5 /* TheMovieApp */,
				AB6890D42CAEAE7100C74AD5 /* TheMovieAppTests */,
				AB6890DE2CAEAE7100C74AD5 /* TheMovieAppUITests */,
			);
		};
/* End PBXProject section */

/* Begin PBXResourcesBuildPhase section */
		AB6890C22CAEAE7000C74AD5 /* Resources */ = {
			isa = PBXResourcesBuildPhase;
			buildActionMask = 2147483647;
			files = (
			);
			runOnlyForDeploymentPostprocessing = 0;
		};
		AB6890D32CAEAE7100C74AD5 /* Resources */ = {
			isa = PBXResourcesBuildPhase;
			buildActionMask = 2147483647;
			files = (
			);
			runOnlyForDeploymentPostprocessing = 0;
		};
		AB6890DD2CAEAE7100C74AD5 /* Resources */ = {
			isa = PBXResourcesBuildPhase;
			buildActionMask = 2147483647;
			files = (
			);
			runOnlyForDeploymentPostprocessing = 0;
		};
/* End PBXResourcesBuildPhase section */

/* Begin PBXSourcesBuildPhase section */
		AB6890C02CAEAE7000C74AD5 /* Sources */ = {
			isa = PBXSourcesBuildPhase;
			buildActionMask = 2147483647;
			files = (
			);
			runOnlyForDeploymentPostprocessing = 0;
		};
		AB6890D12CAEAE7100C74AD5 /* Sources */ = {
			isa = PBXSourcesBuildPhase;
			buildActionMask = 2147483647;
			files = (
			);
			runOnlyForDeploymentPostprocessing = 0;
		};
		AB6890DB2CAEAE7100C74AD5 /* Sources */ = {
			isa = PBXSourcesBuildPhase;
			buildActionMask = 2147483647;
			files = (
			);
			runOnlyForDeploymentPostprocessing = 0;
		};
/* End PBXSourcesBuildPhase section */

/* Begin PBXTargetDependency section */
		AB6890D72CAEAE7100C74AD5 /* PBXTargetDependency */ = {
			isa = PBXTargetDependency;
			target = AB6890C32CAEAE7000C74AD5 /* TheMovieApp */;
			targetProxy = AB6890D62CAEAE7100C74AD5 /* PBXContainerItemProxy */;
		};
		AB6890E12CAEAE7100C74AD5 /* PBXTargetDependency */ = {
			isa = PBXTargetDependency;
			target = AB6890C32CAEAE7000C74AD5 /* TheMovieApp */;
			targetProxy = AB6890E02CAEAE7100C74AD5 /* PBXContainerItemProxy */;
		};
/* End PBXTargetDependency section */

/* Begin XCBuildConfiguration section */
		AB6890E72CAEAE7100C74AD5 /* Debug */ = {
			isa = XCBuildConfiguration;
			buildSettings = {
				ALWAYS_SEARCH_USER_PATHS = NO;
				ASSETCATALOG_COMPILER_GENERATE_SWIFT_ASSET_SYMBOL_EXTENSIONS = YES;
				CLANG_ANALYZER_NONNULL = YES;
				CLANG_ANALYZER_NUMBER_OBJECT_CONVERSION = YES_AGGRESSIVE;
				CLANG_CXX_LANGUAGE_STANDARD = "gnu++20";
				CLANG_ENABLE_MODULES = YES;
				CLANG_ENABLE_OBJC_ARC = YES;
				CLANG_ENABLE_OBJC_WEAK = YES;
				CLANG_WARN_BLOCK_CAPTURE_AUTORELEASING = YES;
				CLANG_WARN_BOOL_CONVERSION = YES;
				CLANG_WARN_COMMA = YES;
				CLANG_WARN_CONSTANT_CONVERSION = YES;
				CLANG_WARN_DEPRECATED_OBJC_IMPLEMENTATIONS = YES;
				CLANG_WARN_DIRECT_OBJC_ISA_USAGE = YES_ERROR;
				CLANG_WARN_DOCUMENTATION_COMMENTS = YES;
				CLANG_WARN_EMPTY_BODY = YES;
				CLANG_WARN_ENUM_CONVERSION = YES;
				CLANG_WARN_INFINITE_RECURSION = YES;
				CLANG_WARN_INT_CONVERSION = YES;
				CLANG_WARN_NON_LITERAL_NULL_CONVERSION = YES;
				CLANG_WARN_OBJC_IMPLICIT_RETAIN_SELF = YES;
				CLANG_WARN_OBJC_LITERAL_CONVERSION = YES;
				CLANG_WARN_OBJC_ROOT_CLASS = YES_ERROR;
				CLANG_WARN_QUOTED_INCLUDE_IN_FRAMEWORK_HEADER = YES;
				CLANG_WARN_RANGE_LOOP_ANALYSIS = YES;
				CLANG_WARN_STRICT_PROTOTYPES = YES;
				CLANG_WARN_SUSPICIOUS_MOVE = YES;
				CLANG_WARN_UNGUARDED_AVAILABILITY = YES_AGGRESSIVE;
				CLANG_WARN_UNREACHABLE_CODE = YES;
				CLANG_WARN__DUPLICATE_METHOD_MATCH = YES;
				COPY_PHASE_STRIP = NO;
				DEBUG_INFORMATION_FORMAT = dwarf;
				ENABLE_STRICT_OBJC_MSGSEND = YES;
				ENABLE_TESTABILITY = YES;
				ENABLE_USER_SCRIPT_SANDBOXING = YES;
				GCC_C_LANGUAGE_STANDARD = gnu17;
				GCC_DYNAMIC_NO_PIC = NO;
				GCC_NO_COMMON_BLOCKS = YES;
				GCC_OPTIMIZATION_LEVEL = 0;
				GCC_PREPROCESSOR_DEFINITIONS = (
					"DEBUG=1",
					"$(inherited)",
				);
				GCC_WARN_64_TO_32_BIT_CONVERSION = YES;
				GCC_WARN_ABOUT_RETURN_TYPE = YES_ERROR;
				GCC_WARN_UNDECLARED_SELECTOR = YES;
				GCC_WARN_UNINITIALIZED_AUTOS = YES_AGGRESSIVE;
				GCC_WARN_UNUSED_FUNCTION = YES;
				GCC_WARN_UNUSED_VARIABLE = YES;
				LOCALIZATION_PREFERS_STRING_CATALOGS = YES;
				MTL_ENABLE_DEBUG_INFO = INCLUDE_SOURCE;
				MTL_FAST_MATH = YES;
				ONLY_ACTIVE_ARCH = YES;
				SWIFT_ACTIVE_COMPILATION_CONDITIONS = "DEBUG $(inherited)";
				SWIFT_OPTIMIZATION_LEVEL = "-Onone";
			};
			name = Debug;
		};
		AB6890E82CAEAE7100C74AD5 /* Release */ = {
			isa = XCBuildConfiguration;
			buildSettings = {
				ALWAYS_SEARCH_USER_PATHS = NO;
				ASSETCATALOG_COMPILER_GENERATE_SWIFT_ASSET_SYMBOL_EXTENSIONS = YES;
				CLANG_ANALYZER_NONNULL = YES;
				CLANG_ANALYZER_NUMBER_OBJECT_CONVERSION = YES_AGGRESSIVE;
				CLANG_CXX_LANGUAGE_STANDARD = "gnu++20";
				CLANG_ENABLE_MODULES = YES;
				CLANG_ENABLE_OBJC_ARC = YES;
				CLANG_ENABLE_OBJC_WEAK = YES;
				CLANG_WARN_BLOCK_CAPTURE_AUTORELEASING = YES;
				CLANG_WARN_BOOL_CONVERSION = YES;
				CLANG_WARN_COMMA = YES;
				CLANG_WARN_CONSTANT_CONVERSION = YES;
				CLANG_WARN_DEPRECATED_OBJC_IMPLEMENTATIONS = YES;
				CLANG_WARN_DIRECT_OBJC_ISA_USAGE = YES_ERROR;
				CLANG_WARN_DOCUMENTATION_COMMENTS = YES;
				CLANG_WARN_EMPTY_BODY = YES;
				CLANG_WARN_ENUM_CONVERSION = YES;
				CLANG_WARN_INFINITE_RECURSION = YES;
				CLANG_WARN_INT_CONVERSION = YES;
				CLANG_WARN_NON_LITERAL_NULL_CONVERSION = YES;
				CLANG_WARN_OBJC_IMPLICIT_RETAIN_SELF = YES;
				CLANG_WARN_OBJC_LITERAL_CONVERSION = YES;
				CLANG_WARN_OBJC_ROOT_CLASS = YES_ERROR;
				CLANG_WARN_QUOTED_INCLUDE_IN_FRAMEWORK_HEADER = YES;
				CLANG_WARN_RANGE_LOOP_ANALYSIS = YES;
				CLANG_WARN_STRICT_PROTOTYPES = YES;
				CLANG_WARN_SUSPICIOUS_MOVE = YES;
				CLANG_WARN_UNGUARDED_AVAILABILITY = YES_AGGRESSIVE;
				CLANG_WARN_UNREACHABLE_CODE = YES;
				CLANG_WARN__DUPLICATE_METHOD_MATCH = YES;
				COPY_PHASE_STRIP = NO;
				DEBUG_INFORMATION_FORMAT = "dwarf-with-dsym";
				ENABLE_NS_ASSERTIONS = NO;
				ENABLE_STRICT_OBJC_MSGSEND = YES;
				ENABLE_USER_SCRIPT_SANDBOXING = YES;
				GCC_C_LANGUAGE_STANDARD = gnu17;
				GCC_NO_COMMON_BLOCKS = YES;
				GCC_WARN_64_TO_32_BIT_CONVERSION = YES;
				GCC_WARN_ABOUT_RETURN_TYPE = YES_ERROR;
				GCC_WARN_UNDECLARED_SELECTOR = YES;
				GCC_WARN_UNINITIALIZED_AUTOS = YES_AGGRESSIVE;
				GCC_WARN_UNUSED_FUNCTION = YES;
				GCC_WARN_UNUSED_VARIABLE = YES;
				LOCALIZATION_PREFERS_STRING_CATALOGS = YES;
				MTL_ENABLE_DEBUG_INFO = NO;
				MTL_FAST_MATH = YES;
				SWIFT_COMPILATION_MODE = wholemodule;
			};
			name = Release;
		};
		AB6890EA2CAEAE7100C74AD5 /* Debug */ = {
			isa = XCBuildConfiguration;
			buildSettings = {
				ASSETCATALOG_COMPILER_APPICON_NAME = AppIcon;
				ASSETCATALOG_COMPILER_GLOBAL_ACCENT_COLOR_NAME = AccentColor;
				CODE_SIGN_ENTITLEMENTS = TheMovieApp/TheMovieApp.entitlements;
				CODE_SIGN_STYLE = Automatic;
				CURRENT_PROJECT_VERSION = 1;
				DEVELOPMENT_ASSET_PATHS = "\"TheMovieApp/Preview Content\"";
				DEVELOPMENT_TEAM = 7L998UXP4V;
				ENABLE_HARDENED_RUNTIME = YES;
				ENABLE_PREVIEWS = YES;
				GENERATE_INFOPLIST_FILE = YES;
				INFOPLIST_KEY_CFBundleDisplayName = "The Movie App";
				"INFOPLIST_KEY_UIApplicationSceneManifest_Generation[sdk=iphoneos*]" = YES;
				"INFOPLIST_KEY_UIApplicationSceneManifest_Generation[sdk=iphonesimulator*]" = YES;
				"INFOPLIST_KEY_UIApplicationSupportsIndirectInputEvents[sdk=iphoneos*]" = YES;
				"INFOPLIST_KEY_UIApplicationSupportsIndirectInputEvents[sdk=iphonesimulator*]" = YES;
				"INFOPLIST_KEY_UILaunchScreen_Generation[sdk=iphoneos*]" = YES;
				"INFOPLIST_KEY_UILaunchScreen_Generation[sdk=iphonesimulator*]" = YES;
				"INFOPLIST_KEY_UIStatusBarStyle[sdk=iphoneos*]" = UIStatusBarStyleDefault;
				"INFOPLIST_KEY_UIStatusBarStyle[sdk=iphonesimulator*]" = UIStatusBarStyleDefault;
				INFOPLIST_KEY_UISupportedInterfaceOrientations_iPad = "UIInterfaceOrientationPortrait UIInterfaceOrientationPortraitUpsideDown UIInterfaceOrientationLandscapeLeft UIInterfaceOrientationLandscapeRight";
				INFOPLIST_KEY_UISupportedInterfaceOrientations_iPhone = "UIInterfaceOrientationPortrait UIInterfaceOrientationLandscapeLeft UIInterfaceOrientationLandscapeRight";
				IPHONEOS_DEPLOYMENT_TARGET = 17.6;
				LD_RUNPATH_SEARCH_PATHS = "@executable_path/Frameworks";
				"LD_RUNPATH_SEARCH_PATHS[sdk=macosx*]" = "@executable_path/../Frameworks";
				MACOSX_DEPLOYMENT_TARGET = 15.0;
				MARKETING_VERSION = 1.0;
				PRODUCT_BUNDLE_IDENTIFIER = com.TheMovieApp;
				PRODUCT_NAME = "$(TARGET_NAME)";
				SDKROOT = auto;
				SUPPORTED_PLATFORMS = "iphoneos iphonesimulator macosx xros xrsimulator";
				SWIFT_EMIT_LOC_STRINGS = YES;
				SWIFT_VERSION = 5.0;
				TARGETED_DEVICE_FAMILY = "1,2,7";
				XROS_DEPLOYMENT_TARGET = 2.0;
			};
			name = Debug;
		};
		AB6890EB2CAEAE7100C74AD5 /* Release */ = {
			isa = XCBuildConfiguration;
			buildSettings = {
				ASSETCATALOG_COMPILER_APPICON_NAME = AppIcon;
				ASSETCATALOG_COMPILER_GLOBAL_ACCENT_COLOR_NAME = AccentColor;
				CODE_SIGN_ENTITLEMENTS = TheMovieApp/TheMovieApp.entitlements;
				CODE_SIGN_STYLE = Automatic;
				CURRENT_PROJECT_VERSION = 1;
				DEVELOPMENT_ASSET_PATHS = "\"TheMovieApp/Preview Content\"";
				DEVELOPMENT_TEAM = 7L998UXP4V;
				ENABLE_HARDENED_RUNTIME = YES;
				ENABLE_PREVIEWS = YES;
				GENERATE_INFOPLIST_FILE = YES;
				INFOPLIST_KEY_CFBundleDisplayName = "The Movie App";
				"INFOPLIST_KEY_UIApplicationSceneManifest_Generation[sdk=iphoneos*]" = YES;
				"INFOPLIST_KEY_UIApplicationSceneManifest_Generation[sdk=iphonesimulator*]" = YES;
				"INFOPLIST_KEY_UIApplicationSupportsIndirectInputEvents[sdk=iphoneos*]" = YES;
				"INFOPLIST_KEY_UIApplicationSupportsIndirectInputEvents[sdk=iphonesimulator*]" = YES;
				"INFOPLIST_KEY_UILaunchScreen_Generation[sdk=iphoneos*]" = YES;
				"INFOPLIST_KEY_UILaunchScreen_Generation[sdk=iphonesimulator*]" = YES;
				"INFOPLIST_KEY_UIStatusBarStyle[sdk=iphoneos*]" = UIStatusBarStyleDefault;
				"INFOPLIST_KEY_UIStatusBarStyle[sdk=iphonesimulator*]" = UIStatusBarStyleDefault;
				INFOPLIST_KEY_UISupportedInterfaceOrientations_iPad = "UIInterfaceOrientationPortrait UIInterfaceOrientationPortraitUpsideDown UIInterfaceOrientationLandscapeLeft UIInterfaceOrientationLandscapeRight";
				INFOPLIST_KEY_UISupportedInterfaceOrientations_iPhone = "UIInterfaceOrientationPortrait UIInterfaceOrientationLandscapeLeft UIInterfaceOrientationLandscapeRight";
				IPHONEOS_DEPLOYMENT_TARGET = 17.6;
				LD_RUNPATH_SEARCH_PATHS = "@executable_path/Frameworks";
				"LD_RUNPATH_SEARCH_PATHS[sdk=macosx*]" = "@executable_path/../Frameworks";
				MACOSX_DEPLOYMENT_TARGET = 15.0;
				MARKETING_VERSION = 1.0;
				PRODUCT_BUNDLE_IDENTIFIER = com.TheMovieApp;
				PRODUCT_NAME = "$(TARGET_NAME)";
				SDKROOT = auto;
				SUPPORTED_PLATFORMS = "iphoneos iphonesimulator macosx xros xrsimulator";
				SWIFT_EMIT_LOC_STRINGS = YES;
				SWIFT_VERSION = 5.0;
				TARGETED_DEVICE_FAMILY = "1,2,7";
				XROS_DEPLOYMENT_TARGET = 2.0;
			};
			name = Release;
		};
		AB6890ED2CAEAE7100C74AD5 /* Debug */ = {
			isa = XCBuildConfiguration;
			buildSettings = {
				BUNDLE_LOADER = "$(TEST_HOST)";
				CODE_SIGN_STYLE = Automatic;
				CURRENT_PROJECT_VERSION = 1;
				DEVELOPMENT_TEAM = 7L998UXP4V;
				GENERATE_INFOPLIST_FILE = YES;
				IPHONEOS_DEPLOYMENT_TARGET = 18.0;
				MACOSX_DEPLOYMENT_TARGET = 15.0;
				MARKETING_VERSION = 1.0;
				PRODUCT_BUNDLE_IDENTIFIER = com.TheMovieAppTests;
				PRODUCT_NAME = "$(TARGET_NAME)";
				SDKROOT = auto;
				SUPPORTED_PLATFORMS = "iphoneos iphonesimulator macosx xros xrsimulator";
				SWIFT_EMIT_LOC_STRINGS = NO;
				SWIFT_VERSION = 5.0;
				TARGETED_DEVICE_FAMILY = "1,2,7";
				TEST_HOST = "$(BUILT_PRODUCTS_DIR)/TheMovieApp.app/$(BUNDLE_EXECUTABLE_FOLDER_PATH)/TheMovieApp";
				XROS_DEPLOYMENT_TARGET = 2.0;
			};
			name = Debug;
		};
		AB6890EE2CAEAE7100C74AD5 /* Release */ = {
			isa = XCBuildConfiguration;
			buildSettings = {
				BUNDLE_LOADER = "$(TEST_HOST)";
				CODE_SIGN_STYLE = Automatic;
				CURRENT_PROJECT_VERSION = 1;
				DEVELOPMENT_TEAM = 7L998UXP4V;
				GENERATE_INFOPLIST_FILE = YES;
				IPHONEOS_DEPLOYMENT_TARGET = 18.0;
				MACOSX_DEPLOYMENT_TARGET = 15.0;
				MARKETING_VERSION = 1.0;
				PRODUCT_BUNDLE_IDENTIFIER = com.TheMovieAppTests;
				PRODUCT_NAME = "$(TARGET_NAME)";
				SDKROOT = auto;
				SUPPORTED_PLATFORMS = "iphoneos iphonesimulator macosx xros xrsimulator";
				SWIFT_EMIT_LOC_STRINGS = NO;
				SWIFT_VERSION = 5.0;
				TARGETED_DEVICE_FAMILY = "1,2,7";
				TEST_HOST = "$(BUILT_PRODUCTS_DIR)/TheMovieApp.app/$(BUNDLE_EXECUTABLE_FOLDER_PATH)/TheMovieApp";
				XROS_DEPLOYMENT_TARGET = 2.0;
			};
			name = Release;
		};
		AB6890F02CAEAE7100C74AD5 /* Debug */ = {
			isa = XCBuildConfiguration;
			buildSettings = {
				CODE_SIGN_STYLE = Automatic;
				CURRENT_PROJECT_VERSION = 1;
				DEVELOPMENT_TEAM = 7L998UXP4V;
				GENERATE_INFOPLIST_FILE = YES;
				IPHONEOS_DEPLOYMENT_TARGET = 18.0;
				MACOSX_DEPLOYMENT_TARGET = 15.0;
				MARKETING_VERSION = 1.0;
				PRODUCT_BUNDLE_IDENTIFIER = com.TheMovieAppUITests;
				PRODUCT_NAME = "$(TARGET_NAME)";
				SDKROOT = auto;
				SUPPORTED_PLATFORMS = "iphoneos iphonesimulator macosx xros xrsimulator";
				SWIFT_EMIT_LOC_STRINGS = NO;
				SWIFT_VERSION = 5.0;
				TARGETED_DEVICE_FAMILY = "1,2,7";
				TEST_TARGET_NAME = TheMovieApp;
				XROS_DEPLOYMENT_TARGET = 2.0;
			};
			name = Debug;
		};
		AB6890F12CAEAE7100C74AD5 /* Release */ = {
			isa = XCBuildConfiguration;
			buildSettings = {
				CODE_SIGN_STYLE = Automatic;
				CURRENT_PROJECT_VERSION = 1;
				DEVELOPMENT_TEAM = 7L998UXP4V;
				GENERATE_INFOPLIST_FILE = YES;
				IPHONEOS_DEPLOYMENT_TARGET = 18.0;
				MACOSX_DEPLOYMENT_TARGET = 15.0;
				MARKETING_VERSION = 1.0;
				PRODUCT_BUNDLE_IDENTIFIER = com.TheMovieAppUITests;
				PRODUCT_NAME = "$(TARGET_NAME)";
				SDKROOT = auto;
				SUPPORTED_PLATFORMS = "iphoneos iphonesimulator macosx xros xrsimulator";
				SWIFT_EMIT_LOC_STRINGS = NO;
				SWIFT_VERSION = 5.0;
				TARGETED_DEVICE_FAMILY = "1,2,7";
				TEST_TARGET_NAME = TheMovieApp;
				XROS_DEPLOYMENT_TARGET = 2.0;
			};
			name = Release;
		};
/* End XCBuildConfiguration section */

/* Begin XCConfigurationList section */
		AB6890BF2CAEAE7000C74AD5 /* Build configuration list for PBXProject "TheMovieApp" */ = {
			isa = XCConfigurationList;
			buildConfigurations = (
				AB6890E72CAEAE7100C74AD5 /* Debug */,
				AB6890E82CAEAE7100C74AD5 /* Release */,
			);
			defaultConfigurationIsVisible = 0;
			defaultConfigurationName = Release;
		};
		AB6890E92CAEAE7100C74AD5 /* Build configuration list for PBXNativeTarget "TheMovieApp" */ = {
			isa = XCConfigurationList;
			buildConfigurations = (
				AB6890EA2CAEAE7100C74AD5 /* Debug */,
				AB6890EB2CAEAE7100C74AD5 /* Release */,
			);
			defaultConfigurationIsVisible = 0;
			defaultConfigurationName = Release;
		};
		AB6890EC2CAEAE7100C74AD5 /* Build configuration list for PBXNativeTarget "TheMovieAppTests" */ = {
			isa = XCConfigurationList;
			buildConfigurations = (
				AB6890ED2CAEAE7100C74AD5 /* Debug */,
				AB6890EE2CAEAE7100C74AD5 /* Release */,
			);
			defaultConfigurationIsVisible = 0;
			defaultConfigurationName = Release;
		};
		AB6890EF2CAEAE7100C74AD5 /* Build configuration list for PBXNativeTarget "TheMovieAppUITests" */ = {
			isa = XCConfigurationList;
			buildConfigurations = (
				AB6890F02CAEAE7100C74AD5 /* Debug */,
				AB6890F12CAEAE7100C74AD5 /* Release */,
			);
			defaultConfigurationIsVisible = 0;
			defaultConfigurationName = Release;
		};
/* End XCConfigurationList section */

/* Begin XCSwiftPackageProductDependency section */
		AB68910A2CAEB19700C74AD5 /* Data */ = {
			isa = XCSwiftPackageProductDependency;
			productName = Data;
		};
		AB68910C2CAEB19700C74AD5 /* Domain */ = {
			isa = XCSwiftPackageProductDependency;
			productName = Domain;
		};
		AB68910E2CAEB19700C74AD5 /* Factories */ = {
			isa = XCSwiftPackageProductDependency;
			productName = Factories;
		};
		AB6891102CAEB19700C74AD5 /* Presentation */ = {
			isa = XCSwiftPackageProductDependency;
			productName = Presentation;
		};
/* End XCSwiftPackageProductDependency section */
	};
	rootObject = AB6890BC2CAEAE7000C74AD5 /* Project object */;
}
